{
  "name": "@very12345/dsh-ssh-workspace",
  "version": "0.1.5",
  "lockfileVersion": 3,
  "requires": true,
  "packages": {
    "": {
      "name": "@very12345/dsh-ssh-workspace",
      "version": "0.1.5",
      "license": "MIT",
      "dependencies": {
        "@microsoft/agent-host-protocol": "0.9.0"
      },
      "engines": {
        "node": ">=22.15"
      },
      "peerDependencies": {
        "@deepseek-ai/cordis": "^4.0.4",
        "@deepseek-ai/dsh-agent": "^0.2.0-rc.2",
        "@deepseek-ai/dsh-agent-preset-registry": "^0.2.0-rc.2",
        "@deepseek-ai/dsh-bash-sandbox": "^0.2.0-rc.2",
        "@deepseek-ai/dsh-client-ui-primitives": "^0.2.0-rc.2",
        "@deepseek-ai/dsh-client-ui-settings": "^0.2.0-rc.2",
        "@deepseek-ai/dsh-client-ui-workspace": "^0.2.0-rc.2",
        "@deepseek-ai/dsh-fs": "^0.2.0-rc.2",
        "@deepseek-ai/dsh-fs-sandbox": "^0.2.0-rc.2",
        "@deepseek-ai/dsh-pwsh-sandbox": "^0.2.0-rc.2",
        "@deepseek-ai/dsh-sandbox": "^0.2.0-rc.2",
        "@deepseek-ai/dsh-sandbox-policy": "^0.2.0-rc.2",
        "@deepseek-ai/dsh-scope": "^0.2.0-rc.2",
        "@deepseek-ai/dsh-shell": "^0.2.0-rc.2",
        "@deepseek-ai/dsh-shell-env": "^0.2.0-rc.2",
        "@deepseek-ai/dsh-spill": "^0.2.0-rc.2",
        "@deepseek-ai/dsh-spill-local": "^0.2.0-rc.2",
        "@deepseek-ai/dsh-subprocess": "^0.2.0-rc.2",
        "@deepseek-ai/dsh-subprocess-local": "^0.2.0-rc.2",
        "@deepseek-ai/dsh-system-prompt": "^0.2.0-rc.2",
        "@deepseek-ai/dsh-terminal": "^0.2.0-rc.2",
        "@deepseek-ai/dsh-terminal-bash": "^0.2.0-rc.2",
        "@deepseek-ai/dsh-tool-bash": "^0.2.0-rc.2",
        "@deepseek-ai/dsh-tool-bash-persistent": "^0.2.0-rc.2",
        "@deepseek-ai/dsh-tools": "^0.2.0-rc.2",
        "@deepseek-ai/schemastery": "^3.18.4"
      },
      "peerDependenciesMeta": {
        "@deepseek-ai/cordis": {
          "optional": true
        },
        "@deepseek-ai/dsh-agent": {
          "optional": true
        },
        "@deepseek-ai/dsh-agent-preset-registry": {
          "optional": true
        },
        "@deepseek-ai/dsh-bash-sandbox": {
          "optional": true
        },
        "@deepseek-ai/dsh-client-ui-primitives": {
          "optional": true
        },
        "@deepseek-ai/dsh-client-ui-settings": {
          "optional": true
        },
        "@deepseek-ai/dsh-client-ui-workspace": {
          "optional": true
        },
        "@deepseek-ai/dsh-fs": {
          "optional": true
        },
        "@deepseek-ai/dsh-fs-sandbox": {
          "optional": true
        },
        "@deepseek-ai/dsh-pwsh-sandbox": {
          "optional": true
        },
        "@deepseek-ai/dsh-sandbox": {
          "optional": true
        },
        "@deepseek-ai/dsh-sandbox-policy": {
          "optional": true
        },
        "@deepseek-ai/dsh-scope": {
          "optional": true
        },
        "@deepseek-ai/dsh-shell": {
          "optional": true
        },
        "@deepseek-ai/dsh-shell-env": {
          "optional": true
        },
        "@deepseek-ai/dsh-spill": {
          "optional": true
        },
        "@deepseek-ai/dsh-spill-local": {
          "optional": true
        },
        "@deepseek-ai/dsh-subprocess": {
          "optional": true
        },
        "@deepseek-ai/dsh-subprocess-local": {
          "optional": true
        },
        "@deepseek-ai/dsh-system-prompt": {
          "optional": true
        },
        "@deepseek-ai/dsh-terminal": {
          "optional": true
        },
        "@deepseek-ai/dsh-terminal-bash": {
          "optional": true
        },
        "@deepseek-ai/dsh-tool-bash": {
          "optional": true
        },
        "@deepseek-ai/dsh-tool-bash-persistent": {
          "optional": true
        },
        "@deepseek-ai/dsh-tools": {
          "optional": true
        },
        "@deepseek-ai/schemastery": {
          "optional": true
        }
      }
    },
    "node_modules/@microsoft/agent-host-protocol": {
      "version": "0.9.0",
      "resolved": "https://registry.npmjs.org/@microsoft/agent-host-protocol/-/agent-host-protocol-0.9.0.tgz",
      "integrity": "sha512-XY6zOqLSqlNianiWbEpZkzKRB2AKwcDPk9yAbp+afxyxhWzTfpJKy+03T5rIipJDnqf45rXiJ5JV/dzUA8JHLw==",
      "license": "MIT"
    }
  }
}
